<?xml version="1.0" encoding="utf-8"?>
<Project ToolsVersion="4.0" xmlns="http://schemas.microsoft.com/developer/msbuild/2003">
  <ItemGroup>
    <Filter Include="Source">
      <UniqueIdentifier>{cdf22751-3b50-4660-9cb3-b1a0f0ffbf77}</UniqueIdentifier>
    </Filter>
    <Filter Include="Source\Application">
      <UniqueIdentifier>{bfdddb63-b729-472a-afea-d34a3f771032}</UniqueIdentifier>
    </Filter>
    <Filter Include="Library">
      <UniqueIdentifier>{5fafbcbc-7301-4293-8ae5-8b713ee1f000}</UniqueIdentifier>
    </Filter>
    <Filter Include="Source\Framework">
      <UniqueIdentifier>{ba761099-a832-4e20-8c7d-83b425f6e536}</UniqueIdentifier>
    </Filter>
    <Filter Include="Source\Framework\Window">
      <UniqueIdentifier>{bee4cc87-f5ef-4483-b63e-d87bc3354ced}</UniqueIdentifier>
    </Filter>
    <Filter Include="Source\Framework\Definition">
      <UniqueIdentifier>{4a88ff84-1ea5-4c3f-9f57-1a111e06db11}</UniqueIdentifier>
    </Filter>
    <Filter Include="Source\Framework\Definition\Struct">
      <UniqueIdentifier>{a4caf213-3664-4cc3-a37d-cc767c58bf1e}</UniqueIdentifier>
    </Filter>
    <Filter Include="Source\Framework\Definition\Constant">
      <UniqueIdentifier>{36dd3d0c-5fe7-4a37-8f87-8fb02bce2047}</UniqueIdentifier>
    </Filter>
    <Filter Include="Source\Framework\Singleton">
      <UniqueIdentifier>{e1a85e7a-e54b-40a4-9416-003f76d1d393}</UniqueIdentifier>
    </Filter>
    <Filter Include="Source\Framework\Utility">
      <UniqueIdentifier>{c50774a8-3a60-49c4-939e-0777240ba79f}</UniqueIdentifier>
    </Filter>
    <Filter Include="Source\Framework\Utility\FileIO">
      <UniqueIdentifier>{7805723d-92d0-40c7-b6df-f2323908eacc}</UniqueIdentifier>
    </Filter>
    <Filter Include="Source\Framework\FPS">
      <UniqueIdentifier>{47ce526a-37f8-467e-86c0-852aeec011d9}</UniqueIdentifier>
    </Filter>
    <Filter Include="Source\System">
      <UniqueIdentifier>{aee3a1a9-d500-44aa-9fa4-92481587e2f9}</UniqueIdentifier>
    </Filter>
    <Filter Include="Source\Framework\Graphics">
      <UniqueIdentifier>{838ca69f-56ba-4eee-9f42-76dc8a62c381}</UniqueIdentifier>
    </Filter>
  </ItemGroup>
  <ItemGroup>
    <ClInclude Include="Source\Application\Application.h">
      <Filter>Source\Application</Filter>
    </ClInclude>
    <ClInclude Include="Source\PCH.h">
      <Filter>Source</Filter>
    </ClInclude>
    <ClInclude Include="Source\Framework\Window\FWKWindow.h">
      <Filter>Source\Framework\Window</Filter>
    </ClInclude>
    <ClInclude Include="Source\Framework\Framework.h">
      <Filter>Source\Framework</Filter>
    </ClInclude>
    <ClInclude Include="Source\Framework\Definition\Struct\FWKCommonStruct.h">
      <Filter>Source\Framework\Definition\Struct</Filter>
    </ClInclude>
    <ClInclude Include="Source\Framework\Definition\Constant\FWKCommonConstant.h">
      <Filter>Source\Framework\Definition\Constant</Filter>
    </ClInclude>
    <ClInclude Include="Source\Framework\Singleton\FWKSingletonBase.h">
      <Filter>Source\Framework\Singleton</Filter>
    </ClInclude>
    <ClInclude Include="Source\Framework\Utility\FileIO\FWKFileIOUtility.h">
      <Filter>Source\Framework\Utility\FileIO</Filter>
    </ClInclude>
    <ClInclude Include="..\Library\json.hpp">
      <Filter>Library</Filter>
    </ClInclude>
    <ClInclude Include="..\Library\strconv2.h">
      <Filter>Library</Filter>
    </ClInclude>
    <ClInclude Include="Source\Framework\FPS\FWKFPSController.h">
      <Filter>Source\Framework\FPS</Filter>
    </ClInclude>
    <ClInclude Include="Source\System\System.h">
      <Filter>Source\System</Filter>
    </ClInclude>
    <ClInclude Include="Source\Framework\Graphics\FWKGraphicsManager.h">
      <Filter>Source\Framework\Graphics</Filter>
    </ClInclude>
  </ItemGroup>
  <ItemGroup>
    <ClCompile Include="Source\Application\Application.cpp">
      <Filter>Source\Application</Filter>
    </ClCompile>
    <ClCompile Include="Source\PCH.cpp">
      <Filter>Source</Filter>
    </ClCompile>
    <ClCompile Include="Source\Framework\Window\FWKWindow.cpp">
      <Filter>Source\Framework\Window</Filter>
    </ClCompile>
    <ClCompile Include="Source\Framework\FPS\FWKFPSController.cpp">
      <Filter>Source\Framework\FPS</Filter>
    </ClCompile>
    <ClCompile Include="Source\Framework\Graphics\FWKGraphicsManager.cpp">
      <Filter>Source\Framework\Graphics</Filter>
    </ClCompile>
  </ItemGroup>
</Project>